
Microsoft Visual Studio Solution File, Format Version 12.00
# Visual Studio Version 17
VisualStudioVersion = 17.5.002.0
MinimumVisualStudioVersion = 10.0.40219.1
Project("{9A19103F-16F7-4668-BE54-9A1E7A4F7556}") = "backend", "backend\backend.csproj", "{0D0F5D6F-780B-4D5D-A6AF-29B6DC5D2936}"
EndProject
Global
	GlobalSection(SolutionConfigurationPlatforms) = preSolution
		Debug|Any CPU = Debug|Any CPU
		Release|Any CPU = Release|Any CPU
	EndGlobalSection
	GlobalSection(ProjectConfigurationPlatforms) = postSolution
		{0D0F5D6F-780B-4D5D-A6AF-29B6DC5D2936}.Debug|Any CPU.ActiveCfg = Debug|Any CPU
		{0D0F5D6F-780B-4D5D-A6AF-29B6DC5D2936}.Debug|Any CPU.Build.0 = Debug|Any CPU
		{0D0F5D6F-780B-4D5D-A6AF-29B6DC5D2936}.Release|Any CPU.ActiveCfg = Release|Any CPU
		{0D0F5D6F-780B-4D5D-A6AF-29B6DC5D2936}.Release|Any CPU.Build.0 = Release|Any CPU
	EndGlobalSection
	GlobalSection(SolutionProperties) = preSolution
		HideSolutionNode = FALSE
	EndGlobalSection
	GlobalSection(ExtensibilityGlobals) = postSolution
		SolutionGuid = {382E7FE5-FEE4-49F2-93FB-C0B9C26BE3E6}
	EndGlobalSection
EndGlobal
